<?xml version="1.0" encoding="utf-8"?>
<Project ToolsVersion="4.0" xmlns="http://schemas.microsoft.com/developer/msbuild/2003">
  <ItemGroup>
    <Filter Include="Source Files">
      <UniqueIdentifier>{4FC737F1-C7A5-4376-A066-2A32D752A2FF}</UniqueIdentifier>
      <Extensions>cpp;c;cc;cxx;def;odl;idl;hpj;bat;asm;asmx</Extensions>
    </Filter>
    <Filter Include="Source Files\ProtoBuf">
      <UniqueIdentifier>{5f35af61-76e0-4d72-9562-72ba0b9b1f87}</UniqueIdentifier>
    </Filter>
    <Filter Include="Source Files\ProtoBuf\VBO">
      <UniqueIdentifier>{4efaeaf4-3dc4-4dbd-9cc9-27cfd7b55e26}</UniqueIdentifier>
    </Filter>
    <Filter Include="Source Files\ProtoBuf\Texture">
      <UniqueIdentifier>{e17a6741-e361-4206-bdab-15a8df9a9b81}</UniqueIdentifier>
    </Filter>
    <Filter Include="Source Files\ProtoBuf\Mesh">
      <UniqueIdentifier>{d7f2dc60-1c47-4d06-b43b-553e18aadfa5}</UniqueIdentifier>
    </Filter>
    <Filter Include="Source Files\ProtoBuf\Font">
      <UniqueIdentifier>{3b5c5975-cae3-4636-b721-00d9ceb22d0d}</UniqueIdentifier>
    </Filter>
    <Filter Include="Source Files\ProtoBuf\Skeleton">
      <UniqueIdentifier>{ab5bb512-8a85-4c98-a9d8-950ddf200206}</UniqueIdentifier>
    </Filter>
    <Filter Include="Source Files\ProtoBuf\Math">
      <UniqueIdentifier>{c8a3dbd0-933f-4bd8-9272-a56d9b8b9ba8}</UniqueIdentifier>
    </Filter>
    <Filter Include="Source Files\ProtoBuf\Anim">
      <UniqueIdentifier>{d405f95a-db25-4c98-80d3-0b472605313b}</UniqueIdentifier>
    </Filter>
  </ItemGroup>
  <ItemGroup>
    <None Include="vboData.proto">
      <Filter>Source Files\ProtoBuf\VBO</Filter>
    </None>
    <None Include="textureData.proto">
      <Filter>Source Files\ProtoBuf\Texture</Filter>
    </None>
    <None Include="meshData.proto">
      <Filter>Source Files\ProtoBuf\Mesh</Filter>
    </None>
    <None Include="FontData.proto">
      <Filter>Source Files\ProtoBuf\Font</Filter>
    </None>
    <None Include="FontEntry.proto">
      <Filter>Source Files\ProtoBuf\Font</Filter>
    </None>
    <None Include="BoneEntry.proto">
      <Filter>Source Files\ProtoBuf\Anim</Filter>
    </None>
    <None Include="SkelData.proto">
      <Filter>Source Files\ProtoBuf\Skeleton</Filter>
    </None>
    <None Include="SkelEntry.proto">
      <Filter>Source Files\ProtoBuf\Skeleton</Filter>
    </None>
    <None Include="QuatData.proto">
      <Filter>Source Files\ProtoBuf\Math</Filter>
    </None>
    <None Include="Vec3Data.proto">
      <Filter>Source Files\ProtoBuf\Math</Filter>
    </None>
    <None Include="FrameBucketEntry.proto">
      <Filter>Source Files\ProtoBuf\Anim</Filter>
    </None>
    <None Include="ClipData.proto">
      <Filter>Source Files\ProtoBuf\Anim</Filter>
    </None>
    <None Include="JointData.proto">
      <Filter>Source Files\ProtoBuf\Anim</Filter>
    </None>
    <None Include="HierarchyData.proto">
      <Filter>Source Files\ProtoBuf\Anim</Filter>
    </None>
  </ItemGroup>
  <ItemGroup>
    <ClInclude Include="vboData.h">
      <Filter>Source Files\ProtoBuf\VBO</Filter>
    </ClInclude>
    <ClInclude Include="vboData.pb.h">
      <Filter>Source Files\ProtoBuf\VBO</Filter>
    </ClInclude>
    <ClInclude Include="textureData.h">
      <Filter>Source Files\ProtoBuf\Texture</Filter>
    </ClInclude>
    <ClInclude Include="textureData.pb.h">
      <Filter>Source Files\ProtoBuf\Texture</Filter>
    </ClInclude>
    <ClInclude Include="meshData.h">
      <Filter>Source Files\ProtoBuf\Mesh</Filter>
    </ClInclude>
    <ClInclude Include="meshData.pb.h">
      <Filter>Source Files\ProtoBuf\Mesh</Filter>
    </ClInclude>
    <ClInclude Include="FontData.h">
      <Filter>Source Files\ProtoBuf\Font</Filter>
    </ClInclude>
    <ClInclude Include="FontData.pb.h">
      <Filter>Source Files\ProtoBuf\Font</Filter>
    </ClInclude>
    <ClInclude Include="FontEntry.h">
      <Filter>Source Files\ProtoBuf\Font</Filter>
    </ClInclude>
    <ClInclude Include="FontEntry.pb.h">
      <Filter>Source Files\ProtoBuf\Font</Filter>
    </ClInclude>
    <ClInclude Include="MeshLayout.h">
      <Filter>Source Files\ProtoBuf</Filter>
    </ClInclude>
    <ClInclude Include="ProtoVersion.h">
      <Filter>Source Files\ProtoBuf</Filter>
    </ClInclude>
    <ClInclude Include="BoneEntry.h">
      <Filter>Source Files\ProtoBuf\Anim</Filter>
    </ClInclude>
    <ClInclude Include="BoneEntry.pb.h">
      <Filter>Source Files\ProtoBuf\Anim</Filter>
    </ClInclude>
    <ClInclude Include="SkelData.h">
      <Filter>Source Files\ProtoBuf\Skeleton</Filter>
    </ClInclude>
    <ClInclude Include="SkelData.pb.h">
      <Filter>Source Files\ProtoBuf\Skeleton</Filter>
    </ClInclude>
    <ClInclude Include="SkelEntry.h">
      <Filter>Source Files\ProtoBuf\Skeleton</Filter>
    </ClInclude>
    <ClInclude Include="SkelEntry.pb.h">
      <Filter>Source Files\ProtoBuf\Skeleton</Filter>
    </ClInclude>
    <ClInclude Include="QuatData.h">
      <Filter>Source Files\ProtoBuf\Math</Filter>
    </ClInclude>
    <ClInclude Include="QuatData.pb.h">
      <Filter>Source Files\ProtoBuf\Math</Filter>
    </ClInclude>
    <ClInclude Include="Vec3Data.h">
      <Filter>Source Files\ProtoBuf\Math</Filter>
    </ClInclude>
    <ClInclude Include="Vec3Data.pb.h">
      <Filter>Source Files\ProtoBuf\Math</Filter>
    </ClInclude>
    <ClInclude Include="FrameBucketEntry.h">
      <Filter>Source Files\ProtoBuf\Anim</Filter>
    </ClInclude>
    <ClInclude Include="FrameBucketEntry.pb.h">
      <Filter>Source Files\ProtoBuf\Anim</Filter>
    </ClInclude>
    <ClInclude Include="ClipData.h">
      <Filter>Source Files\ProtoBuf\Anim</Filter>
    </ClInclude>
    <ClInclude Include="ClipData.pb.h">
      <Filter>Source Files\ProtoBuf\Anim</Filter>
    </ClInclude>
    <ClInclude Include="JointData.h">
      <Filter>Source Files\ProtoBuf\Anim</Filter>
    </ClInclude>
    <ClInclude Include="JointData.pb.h">
      <Filter>Source Files\ProtoBuf\Anim</Filter>
    </ClInclude>
    <ClInclude Include="HierarchyData.h">
      <Filter>Source Files\ProtoBuf\Anim</Filter>
    </ClInclude>
    <ClInclude Include="HierarchyData.pb.h">
      <Filter>Source Files\ProtoBuf\Anim</Filter>
    </ClInclude>
  </ItemGroup>
  <ItemGroup>
    <ClCompile Include="vboData.cpp">
      <Filter>Source Files\ProtoBuf\VBO</Filter>
    </ClCompile>
    <ClCompile Include="vboData.pb.cc">
      <Filter>Source Files\ProtoBuf\VBO</Filter>
    </ClCompile>
    <ClCompile Include="textureData.cpp">
      <Filter>Source Files\ProtoBuf\Texture</Filter>
    </ClCompile>
    <ClCompile Include="textureData.pb.cc">
      <Filter>Source Files\ProtoBuf\Texture</Filter>
    </ClCompile>
    <ClCompile Include="meshData.cpp">
      <Filter>Source Files\ProtoBuf\Mesh</Filter>
    </ClCompile>
    <ClCompile Include="meshData.pb.cc">
      <Filter>Source Files\ProtoBuf\Mesh</Filter>
    </ClCompile>
    <ClCompile Include="FontData.cpp">
      <Filter>Source Files\ProtoBuf\Font</Filter>
    </ClCompile>
    <ClCompile Include="FontData.pb.cc">
      <Filter>Source Files\ProtoBuf\Font</Filter>
    </ClCompile>
    <ClCompile Include="FontEntry.cpp">
      <Filter>Source Files\ProtoBuf\Font</Filter>
    </ClCompile>
    <ClCompile Include="FontEntry.pb.cc">
      <Filter>Source Files\ProtoBuf\Font</Filter>
    </ClCompile>
    <ClCompile Include="BoneEntry.cpp">
      <Filter>Source Files\ProtoBuf\Anim</Filter>
    </ClCompile>
    <ClCompile Include="BoneEntry.pb.cc">
      <Filter>Source Files\ProtoBuf\Anim</Filter>
    </ClCompile>
    <ClCompile Include="SkelData.cpp">
      <Filter>Source Files\ProtoBuf\Skeleton</Filter>
    </ClCompile>
    <ClCompile Include="SkelData.pb.cc">
      <Filter>Source Files\ProtoBuf\Skeleton</Filter>
    </ClCompile>
    <ClCompile Include="SkelEntry.cpp">
      <Filter>Source Files\ProtoBuf\Skeleton</Filter>
    </ClCompile>
    <ClCompile Include="SkelEntry.pb.cc">
      <Filter>Source Files\ProtoBuf\Skeleton</Filter>
    </ClCompile>
    <ClCompile Include="QuatData.cpp">
      <Filter>Source Files\ProtoBuf\Math</Filter>
    </ClCompile>
    <ClCompile Include="QuatData.pb.cc">
      <Filter>Source Files\ProtoBuf\Math</Filter>
    </ClCompile>
    <ClCompile Include="Vec3Data.cpp">
      <Filter>Source Files\ProtoBuf\Math</Filter>
    </ClCompile>
    <ClCompile Include="Vec3Data.pb.cc">
      <Filter>Source Files\ProtoBuf\Math</Filter>
    </ClCompile>
    <ClCompile Include="FrameBucketEntry.cpp">
      <Filter>Source Files\ProtoBuf\Anim</Filter>
    </ClCompile>
    <ClCompile Include="FrameBucketEntry.pb.cc">
      <Filter>Source Files\ProtoBuf\Anim</Filter>
    </ClCompile>
    <ClCompile Include="ClipData.cpp">
      <Filter>Source Files\ProtoBuf\Anim</Filter>
    </ClCompile>
    <ClCompile Include="ClipData.pb.cc">
      <Filter>Source Files\ProtoBuf\Anim</Filter>
    </ClCompile>
    <ClCompile Include="JointData.cpp">
      <Filter>Source Files\ProtoBuf\Anim</Filter>
    </ClCompile>
    <ClCompile Include="JointData.pb.cc">
      <Filter>Source Files\ProtoBuf\Anim</Filter>
    </ClCompile>
    <ClCompile Include="HierarchyData.cpp">
      <Filter>Source Files\ProtoBuf\Anim</Filter>
    </ClCompile>
    <ClCompile Include="HierarchyData.pb.cc">
      <Filter>Source Files\ProtoBuf\Anim</Filter>
    </ClCompile>
  </ItemGroup>
</Project>
