<?xml version="1.0" encoding="utf-8"?>
<Project ToolsVersion="4.0" xmlns="http://schemas.microsoft.com/developer/msbuild/2003">
  <ItemGroup>
    <Filter Include="Test">
      <UniqueIdentifier>{5d1787fb-1d4f-4711-9dc6-d15f6042b66f}</UniqueIdentifier>
    </Filter>
    <Filter Include="src">
      <UniqueIdentifier>{4bd201f2-ab18-4a85-97d2-1c664581e1df}</UniqueIdentifier>
    </Filter>
  </ItemGroup>
  <ItemGroup>
    <None Include="__DO NOT MODIFY__">
      <Filter>src</Filter>
    </None>
  </ItemGroup>
  <ItemGroup>
    <ClInclude Include="_UnitTestConfiguration.h">
      <Filter>src</Filter>
    </ClInclude>
  </ItemGroup>
  <ItemGroup>
    <ClCompile Include="main.cpp">
      <Filter>src</Filter>
    </ClCompile>
    <ClCompile Include="Keenan_A_Test.cpp">
      <Filter>Test</Filter>
    </ClCompile>
    <ClCompile Include="Keenan_B_Test.cpp">
      <Filter>Test</Filter>
    </ClCompile>
    <ClCompile Include="Keenan_C_Test.cpp">
      <Filter>Test</Filter>
    </ClCompile>
    <ClCompile Include="Keenan_D_Test.cpp">
      <Filter>Test</Filter>
    </ClCompile>
  </ItemGroup>
</Project>
